github.com/gomvs/b v1.2.0 h1:bSdWcce7msEfNl8vEELiShzr1f241DpSr8epwdneG+g=
github.com/gomvs/b v1.2.0/go.mod h1:UimRkAv6NaFMoI+VJIHPzrB+mhGEBIpqGrK58Ghn3jY=
github.com/gomvs/c v1.2.0 h1:JNfVnPbrX/ahGAorxBuBjcGDcMNNfUySsLOe/kaUF/w=
github.com/gomvs/c v1.2.0/go.mod h1:zXdNAbX6qTD7oa5M3fpEk/xk6VGfyO5168gnuZUGAs0=
github.com/gomvs/d v1.3.0/go.mod h1:SDVjt9UMu3XgyojYwsP26gu5tcmR4QBokdikHMtEvO8=
github.com/gomvs/d v1.4.0 h1:xduPWlLFlzhUmvH6yQFKg16GB00aELQoHLEDc9XY+9M=
github.com/gomvs/d v1.4.0/go.mod h1:SDVjt9UMu3XgyojYwsP26gu5tcmR4QBokdikHMtEvO8=
github.com/gomvs/e v1.2.0 h1:NEeLU5CZousl5pv6Y8Bo7+uDyZnPCVihv5Ba4kGpJUQ=
github.com/gomvs/e v1.2.0/go.mod h1:16yvEsYPRgns7cpdfRc084oi+gUN4IwtGzAhBPDo++w=
